
Microsoft Visual Studio Solution File, Format Version 12.00
# Visual Studio Version 17
VisualStudioVersion = 17.6.33829.357
MinimumVisualStudioVersion = 10.0.40219.1
Project("{FAE04EC0-301F-11D3-BF4B-00C04F79EFBC}") = "Ejemplo_reportes", "Ejemplo_reportes\Ejemplo_reportes.csproj", "{D87F8707-8450-4C13-B601-144699AB8569}"
EndProject
Global
	GlobalSection(SolutionConfigurationPlatforms) = preSolution
		Debug|Any CPU = Debug|Any CPU
		Release|Any CPU = Release|Any CPU
	EndGlobalSection
	GlobalSection(ProjectConfigurationPlatforms) = postSolution
		{D87F8707-8450-4C13-B601-144699AB8569}.Debug|Any CPU.ActiveCfg = Debug|Any CPU
		{D87F8707-8450-4C13-B601-144699AB8569}.Debug|Any CPU.Build.0 = Debug|Any CPU
		{D87F8707-8450-4C13-B601-144699AB8569}.Release|Any CPU.ActiveCfg = Release|Any CPU
		{D87F8707-8450-4C13-B601-144699AB8569}.Release|Any CPU.Build.0 = Release|Any CPU
	EndGlobalSection
	GlobalSection(SolutionProperties) = preSolution
		HideSolutionNode = FALSE
	EndGlobalSection
	GlobalSection(ExtensibilityGlobals) = postSolution
		SolutionGuid = {1D818839-3EF8-4338-B614-5A20BE60E8AC}
	EndGlobalSection
EndGlobal
