
Microsoft Visual Studio Solution File, Format Version 12.00
# Visual Studio Version 17
VisualStudioVersion = 17.6.33723.286
MinimumVisualStudioVersion = 10.0.40219.1
Project("{FAE04EC0-301F-11D3-BF4B-00C04F79EFBC}") = "Insert SQLSERVER", "Insert SQLSERVER\Insert SQLSERVER.csproj", "{B712D44C-2657-49E5-95A8-E22636DDBAB4}"
EndProject
Global
	GlobalSection(SolutionConfigurationPlatforms) = preSolution
		Debug|Any CPU = Debug|Any CPU
		Release|Any CPU = Release|Any CPU
	EndGlobalSection
	GlobalSection(ProjectConfigurationPlatforms) = postSolution
		{B712D44C-2657-49E5-95A8-E22636DDBAB4}.Debug|Any CPU.ActiveCfg = Debug|Any CPU
		{B712D44C-2657-49E5-95A8-E22636DDBAB4}.Debug|Any CPU.Build.0 = Debug|Any CPU
		{B712D44C-2657-49E5-95A8-E22636DDBAB4}.Release|Any CPU.ActiveCfg = Release|Any CPU
		{B712D44C-2657-49E5-95A8-E22636DDBAB4}.Release|Any CPU.Build.0 = Release|Any CPU
	EndGlobalSection
	GlobalSection(SolutionProperties) = preSolution
		HideSolutionNode = FALSE
	EndGlobalSection
	GlobalSection(ExtensibilityGlobals) = postSolution
		SolutionGuid = {B009701A-F8F6-49AD-AF7C-C16AFC9C9DD7}
	EndGlobalSection
EndGlobal
