
Microsoft Visual Studio Solution File, Format Version 12.00
# Visual Studio Version 17
VisualStudioVersion = 17.6.33829.357
MinimumVisualStudioVersion = 10.0.40219.1
Project("{FAE04EC0-301F-11D3-BF4B-00C04F79EFBC}") = "AppTraduccionFormaManual", "AppTraduccion2\AppTraduccionFormaManual.csproj", "{D3FF0A3A-EC9E-4034-845C-6AE38DF8E730}"
EndProject
Global
	GlobalSection(SolutionConfigurationPlatforms) = preSolution
		Debug|Any CPU = Debug|Any CPU
		Release|Any CPU = Release|Any CPU
	EndGlobalSection
	GlobalSection(ProjectConfigurationPlatforms) = postSolution
		{D3FF0A3A-EC9E-4034-845C-6AE38DF8E730}.Debug|Any CPU.ActiveCfg = Debug|Any CPU
		{D3FF0A3A-EC9E-4034-845C-6AE38DF8E730}.Debug|Any CPU.Build.0 = Debug|Any CPU
		{D3FF0A3A-EC9E-4034-845C-6AE38DF8E730}.Release|Any CPU.ActiveCfg = Release|Any CPU
		{D3FF0A3A-EC9E-4034-845C-6AE38DF8E730}.Release|Any CPU.Build.0 = Release|Any CPU
	EndGlobalSection
	GlobalSection(SolutionProperties) = preSolution
		HideSolutionNode = FALSE
	EndGlobalSection
	GlobalSection(ExtensibilityGlobals) = postSolution
		SolutionGuid = {3E9E4AF2-1A30-4201-AA9F-70EF98A2DDE6}
	EndGlobalSection
EndGlobal
