
Microsoft Visual Studio Solution File, Format Version 12.00
# Visual Studio Version 17
VisualStudioVersion = 17.6.33723.286
MinimumVisualStudioVersion = 10.0.40219.1
Project("{FAE04EC0-301F-11D3-BF4B-00C04F79EFBC}") = "EjListas", "EjListas\EjListas.csproj", "{F91A2BDE-BB93-4FC4-A977-143631246C40}"
EndProject
Global
	GlobalSection(SolutionConfigurationPlatforms) = preSolution
		Debug|Any CPU = Debug|Any CPU
		Release|Any CPU = Release|Any CPU
	EndGlobalSection
	GlobalSection(ProjectConfigurationPlatforms) = postSolution
		{F91A2BDE-BB93-4FC4-A977-143631246C40}.Debug|Any CPU.ActiveCfg = Debug|Any CPU
		{F91A2BDE-BB93-4FC4-A977-143631246C40}.Debug|Any CPU.Build.0 = Debug|Any CPU
		{F91A2BDE-BB93-4FC4-A977-143631246C40}.Release|Any CPU.ActiveCfg = Release|Any CPU
		{F91A2BDE-BB93-4FC4-A977-143631246C40}.Release|Any CPU.Build.0 = Release|Any CPU
	EndGlobalSection
	GlobalSection(SolutionProperties) = preSolution
		HideSolutionNode = FALSE
	EndGlobalSection
	GlobalSection(ExtensibilityGlobals) = postSolution
		SolutionGuid = {D93A10C0-E2EB-40AC-9C9C-4D3C4EA57E6B}
	EndGlobalSection
EndGlobal
