
Microsoft Visual Studio Solution File, Format Version 12.00
# Visual Studio Version 17
VisualStudioVersion = 17.6.33829.357
MinimumVisualStudioVersion = 10.0.40219.1
Project("{FAE04EC0-301F-11D3-BF4B-00C04F79EFBC}") = "AppTraduccion", "AppTraduccion\AppTraduccion.csproj", "{F389779C-91CC-4EF0-A773-F9AD58569FBB}"
EndProject
Global
	GlobalSection(SolutionConfigurationPlatforms) = preSolution
		Debug|Any CPU = Debug|Any CPU
		Release|Any CPU = Release|Any CPU
	EndGlobalSection
	GlobalSection(ProjectConfigurationPlatforms) = postSolution
		{F389779C-91CC-4EF0-A773-F9AD58569FBB}.Debug|Any CPU.ActiveCfg = Debug|Any CPU
		{F389779C-91CC-4EF0-A773-F9AD58569FBB}.Debug|Any CPU.Build.0 = Debug|Any CPU
		{F389779C-91CC-4EF0-A773-F9AD58569FBB}.Release|Any CPU.ActiveCfg = Release|Any CPU
		{F389779C-91CC-4EF0-A773-F9AD58569FBB}.Release|Any CPU.Build.0 = Release|Any CPU
	EndGlobalSection
	GlobalSection(SolutionProperties) = preSolution
		HideSolutionNode = FALSE
	EndGlobalSection
	GlobalSection(ExtensibilityGlobals) = postSolution
		SolutionGuid = {052113DB-44E1-4172-8B05-ECE3F686B598}
	EndGlobalSection
EndGlobal
