
Microsoft Visual Studio Solution File, Format Version 12.00
# Visual Studio Version 17
VisualStudioVersion = 17.6.33829.357
MinimumVisualStudioVersion = 10.0.40219.1
Project("{FAE04EC0-301F-11D3-BF4B-00C04F79EFBC}") = "Curso_LINQ_04", "Curso_LINQ_04\Curso_LINQ_04.csproj", "{658D0C23-FC8A-447C-9C7E-3B5787505CE4}"
EndProject
Global
	GlobalSection(SolutionConfigurationPlatforms) = preSolution
		Debug|Any CPU = Debug|Any CPU
		Release|Any CPU = Release|Any CPU
	EndGlobalSection
	GlobalSection(ProjectConfigurationPlatforms) = postSolution
		{658D0C23-FC8A-447C-9C7E-3B5787505CE4}.Debug|Any CPU.ActiveCfg = Debug|Any CPU
		{658D0C23-FC8A-447C-9C7E-3B5787505CE4}.Debug|Any CPU.Build.0 = Debug|Any CPU
		{658D0C23-FC8A-447C-9C7E-3B5787505CE4}.Release|Any CPU.ActiveCfg = Release|Any CPU
		{658D0C23-FC8A-447C-9C7E-3B5787505CE4}.Release|Any CPU.Build.0 = Release|Any CPU
	EndGlobalSection
	GlobalSection(SolutionProperties) = preSolution
		HideSolutionNode = FALSE
	EndGlobalSection
	GlobalSection(ExtensibilityGlobals) = postSolution
		SolutionGuid = {7D72B7C5-F368-4C17-B5F9-12630A8611AD}
	EndGlobalSection
EndGlobal
