
Microsoft Visual Studio Solution File, Format Version 12.00
# Visual Studio Version 17
VisualStudioVersion = 17.6.33723.286
MinimumVisualStudioVersion = 10.0.40219.1
Project("{FAE04EC0-301F-11D3-BF4B-00C04F79EFBC}") = "Wpf-05", "Wpf-05\Wpf-05.csproj", "{E23E0E2D-E7E2-4930-A914-8AE6D594CD85}"
EndProject
Global
	GlobalSection(SolutionConfigurationPlatforms) = preSolution
		Debug|Any CPU = Debug|Any CPU
		Release|Any CPU = Release|Any CPU
	EndGlobalSection
	GlobalSection(ProjectConfigurationPlatforms) = postSolution
		{E23E0E2D-E7E2-4930-A914-8AE6D594CD85}.Debug|Any CPU.ActiveCfg = Debug|Any CPU
		{E23E0E2D-E7E2-4930-A914-8AE6D594CD85}.Debug|Any CPU.Build.0 = Debug|Any CPU
		{E23E0E2D-E7E2-4930-A914-8AE6D594CD85}.Release|Any CPU.ActiveCfg = Release|Any CPU
		{E23E0E2D-E7E2-4930-A914-8AE6D594CD85}.Release|Any CPU.Build.0 = Release|Any CPU
	EndGlobalSection
	GlobalSection(SolutionProperties) = preSolution
		HideSolutionNode = FALSE
	EndGlobalSection
	GlobalSection(ExtensibilityGlobals) = postSolution
		SolutionGuid = {7EAD77A3-D5CE-4A54-A407-4DB1FEE64EE7}
	EndGlobalSection
EndGlobal
