
Microsoft Visual Studio Solution File, Format Version 12.00
# Visual Studio Version 17
VisualStudioVersion = 17.6.33829.357
MinimumVisualStudioVersion = 10.0.40219.1
Project("{FAE04EC0-301F-11D3-BF4B-00C04F79EFBC}") = "AuthTesting", "AuthTesting\AuthTesting.csproj", "{166FDCEA-480F-42F3-8945-2B73FF03E6D1}"
EndProject
Project("{FAE04EC0-301F-11D3-BF4B-00C04F79EFBC}") = "AuthTest", "MsTest\AuthTest.csproj", "{AD8817BA-7128-4319-91CC-D67185CFDD99}"
EndProject
Global
	GlobalSection(SolutionConfigurationPlatforms) = preSolution
		Debug|Any CPU = Debug|Any CPU
		Release|Any CPU = Release|Any CPU
	EndGlobalSection
	GlobalSection(ProjectConfigurationPlatforms) = postSolution
		{166FDCEA-480F-42F3-8945-2B73FF03E6D1}.Debug|Any CPU.ActiveCfg = Debug|Any CPU
		{166FDCEA-480F-42F3-8945-2B73FF03E6D1}.Debug|Any CPU.Build.0 = Debug|Any CPU
		{166FDCEA-480F-42F3-8945-2B73FF03E6D1}.Release|Any CPU.ActiveCfg = Release|Any CPU
		{166FDCEA-480F-42F3-8945-2B73FF03E6D1}.Release|Any CPU.Build.0 = Release|Any CPU
		{AD8817BA-7128-4319-91CC-D67185CFDD99}.Debug|Any CPU.ActiveCfg = Debug|Any CPU
		{AD8817BA-7128-4319-91CC-D67185CFDD99}.Debug|Any CPU.Build.0 = Debug|Any CPU
		{AD8817BA-7128-4319-91CC-D67185CFDD99}.Release|Any CPU.ActiveCfg = Release|Any CPU
		{AD8817BA-7128-4319-91CC-D67185CFDD99}.Release|Any CPU.Build.0 = Release|Any CPU
	EndGlobalSection
	GlobalSection(SolutionProperties) = preSolution
		HideSolutionNode = FALSE
	EndGlobalSection
	GlobalSection(ExtensibilityGlobals) = postSolution
		SolutionGuid = {F1179E6E-6B61-422E-B6F7-D19503E81D5D}
	EndGlobalSection
EndGlobal
