
Microsoft Visual Studio Solution File, Format Version 12.00
# Visual Studio Version 17
VisualStudioVersion = 17.6.33829.357
MinimumVisualStudioVersion = 10.0.40219.1
Project("{FAE04EC0-301F-11D3-BF4B-00C04F79EFBC}") = "APP_DELEGADO03", "APP_DELEGADO03\APP_DELEGADO03.csproj", "{FA10CB84-322F-412B-AD20-425BEA005DA0}"
EndProject
Global
	GlobalSection(SolutionConfigurationPlatforms) = preSolution
		Debug|Any CPU = Debug|Any CPU
		Release|Any CPU = Release|Any CPU
	EndGlobalSection
	GlobalSection(ProjectConfigurationPlatforms) = postSolution
		{FA10CB84-322F-412B-AD20-425BEA005DA0}.Debug|Any CPU.ActiveCfg = Debug|Any CPU
		{FA10CB84-322F-412B-AD20-425BEA005DA0}.Debug|Any CPU.Build.0 = Debug|Any CPU
		{FA10CB84-322F-412B-AD20-425BEA005DA0}.Release|Any CPU.ActiveCfg = Release|Any CPU
		{FA10CB84-322F-412B-AD20-425BEA005DA0}.Release|Any CPU.Build.0 = Release|Any CPU
	EndGlobalSection
	GlobalSection(SolutionProperties) = preSolution
		HideSolutionNode = FALSE
	EndGlobalSection
	GlobalSection(ExtensibilityGlobals) = postSolution
		SolutionGuid = {54AE91C1-0616-4F27-ABEB-DA59DBCE17B9}
	EndGlobalSection
EndGlobal
