
Microsoft Visual Studio Solution File, Format Version 12.00
# Visual Studio Version 17
VisualStudioVersion = 17.6.33829.357
MinimumVisualStudioVersion = 10.0.40219.1
Project("{FAE04EC0-301F-11D3-BF4B-00C04F79EFBC}") = "Curso_LINQ_03", "Curso_LINQ_03\Curso_LINQ_03.csproj", "{71F549BD-F386-48FC-9772-515BC23881F5}"
EndProject
Global
	GlobalSection(SolutionConfigurationPlatforms) = preSolution
		Debug|Any CPU = Debug|Any CPU
		Release|Any CPU = Release|Any CPU
	EndGlobalSection
	GlobalSection(ProjectConfigurationPlatforms) = postSolution
		{71F549BD-F386-48FC-9772-515BC23881F5}.Debug|Any CPU.ActiveCfg = Debug|Any CPU
		{71F549BD-F386-48FC-9772-515BC23881F5}.Debug|Any CPU.Build.0 = Debug|Any CPU
		{71F549BD-F386-48FC-9772-515BC23881F5}.Release|Any CPU.ActiveCfg = Release|Any CPU
		{71F549BD-F386-48FC-9772-515BC23881F5}.Release|Any CPU.Build.0 = Release|Any CPU
	EndGlobalSection
	GlobalSection(SolutionProperties) = preSolution
		HideSolutionNode = FALSE
	EndGlobalSection
	GlobalSection(ExtensibilityGlobals) = postSolution
		SolutionGuid = {B64049F4-5629-49B2-B579-E05E01316F5B}
	EndGlobalSection
EndGlobal
