
Microsoft Visual Studio Solution File, Format Version 12.00
# Visual Studio Version 17
VisualStudioVersion = 17.6.33829.357
MinimumVisualStudioVersion = 10.0.40219.1
Project("{FAE04EC0-301F-11D3-BF4B-00C04F79EFBC}") = "WpfApp-11", "WpfApp-11\WpfApp-11.csproj", "{F07BFB00-36A5-437E-94D7-FBD2AB890E31}"
EndProject
Global
	GlobalSection(SolutionConfigurationPlatforms) = preSolution
		Debug|Any CPU = Debug|Any CPU
		Release|Any CPU = Release|Any CPU
	EndGlobalSection
	GlobalSection(ProjectConfigurationPlatforms) = postSolution
		{F07BFB00-36A5-437E-94D7-FBD2AB890E31}.Debug|Any CPU.ActiveCfg = Debug|Any CPU
		{F07BFB00-36A5-437E-94D7-FBD2AB890E31}.Debug|Any CPU.Build.0 = Debug|Any CPU
		{F07BFB00-36A5-437E-94D7-FBD2AB890E31}.Release|Any CPU.ActiveCfg = Release|Any CPU
		{F07BFB00-36A5-437E-94D7-FBD2AB890E31}.Release|Any CPU.Build.0 = Release|Any CPU
	EndGlobalSection
	GlobalSection(SolutionProperties) = preSolution
		HideSolutionNode = FALSE
	EndGlobalSection
	GlobalSection(ExtensibilityGlobals) = postSolution
		SolutionGuid = {174B3512-672D-472A-ADCA-51295073A1C8}
	EndGlobalSection
EndGlobal
