
Microsoft Visual Studio Solution File, Format Version 12.00
# Visual Studio Version 17
VisualStudioVersion = 17.6.33829.357
MinimumVisualStudioVersion = 10.0.40219.1
Project("{FAE04EC0-301F-11D3-BF4B-00C04F79EFBC}") = "MicroservicioGetDataJson", "MicroservicioGetDataJson\MicroservicioGetDataJson.csproj", "{ACF3B6D9-9475-40A8-9CAE-264125AA1CFF}"
EndProject
Global
	GlobalSection(SolutionConfigurationPlatforms) = preSolution
		Debug|Any CPU = Debug|Any CPU
		Release|Any CPU = Release|Any CPU
	EndGlobalSection
	GlobalSection(ProjectConfigurationPlatforms) = postSolution
		{ACF3B6D9-9475-40A8-9CAE-264125AA1CFF}.Debug|Any CPU.ActiveCfg = Debug|Any CPU
		{ACF3B6D9-9475-40A8-9CAE-264125AA1CFF}.Debug|Any CPU.Build.0 = Debug|Any CPU
		{ACF3B6D9-9475-40A8-9CAE-264125AA1CFF}.Release|Any CPU.ActiveCfg = Release|Any CPU
		{ACF3B6D9-9475-40A8-9CAE-264125AA1CFF}.Release|Any CPU.Build.0 = Release|Any CPU
	EndGlobalSection
	GlobalSection(SolutionProperties) = preSolution
		HideSolutionNode = FALSE
	EndGlobalSection
	GlobalSection(ExtensibilityGlobals) = postSolution
		SolutionGuid = {16B88356-3E07-40FE-802E-6BCFE2D1B945}
	EndGlobalSection
EndGlobal
