
Microsoft Visual Studio Solution File, Format Version 12.00
# Visual Studio Version 17
VisualStudioVersion = 17.6.33723.286
MinimumVisualStudioVersion = 10.0.40219.1
Project("{FAE04EC0-301F-11D3-BF4B-00C04F79EFBC}") = "CSharp1", "CSharp1\CSharp1.csproj", "{F683367C-3E58-4EF4-BD7D-E17C489036EE}"
EndProject
Global
	GlobalSection(SolutionConfigurationPlatforms) = preSolution
		Debug|Any CPU = Debug|Any CPU
		Release|Any CPU = Release|Any CPU
	EndGlobalSection
	GlobalSection(ProjectConfigurationPlatforms) = postSolution
		{F683367C-3E58-4EF4-BD7D-E17C489036EE}.Debug|Any CPU.ActiveCfg = Debug|Any CPU
		{F683367C-3E58-4EF4-BD7D-E17C489036EE}.Debug|Any CPU.Build.0 = Debug|Any CPU
		{F683367C-3E58-4EF4-BD7D-E17C489036EE}.Release|Any CPU.ActiveCfg = Release|Any CPU
		{F683367C-3E58-4EF4-BD7D-E17C489036EE}.Release|Any CPU.Build.0 = Release|Any CPU
	EndGlobalSection
	GlobalSection(SolutionProperties) = preSolution
		HideSolutionNode = FALSE
	EndGlobalSection
	GlobalSection(ExtensibilityGlobals) = postSolution
		SolutionGuid = {717AE715-476E-470F-9BFC-A87C85003FC7}
	EndGlobalSection
EndGlobal
