
Microsoft Visual Studio Solution File, Format Version 12.00
# Visual Studio Version 17
VisualStudioVersion = 17.6.33829.357
MinimumVisualStudioVersion = 10.0.40219.1
Project("{FAE04EC0-301F-11D3-BF4B-00C04F79EFBC}") = "APP_MVVM_PRIMER_INTENTO", "APP_MVVM\APP_MVVM_PRIMER_INTENTO.csproj", "{79D89E64-14BB-4922-AF09-3E606DAEB09E}"
EndProject
Global
	GlobalSection(SolutionConfigurationPlatforms) = preSolution
		Debug|Any CPU = Debug|Any CPU
		Release|Any CPU = Release|Any CPU
	EndGlobalSection
	GlobalSection(ProjectConfigurationPlatforms) = postSolution
		{79D89E64-14BB-4922-AF09-3E606DAEB09E}.Debug|Any CPU.ActiveCfg = Debug|Any CPU
		{79D89E64-14BB-4922-AF09-3E606DAEB09E}.Debug|Any CPU.Build.0 = Debug|Any CPU
		{79D89E64-14BB-4922-AF09-3E606DAEB09E}.Release|Any CPU.ActiveCfg = Release|Any CPU
		{79D89E64-14BB-4922-AF09-3E606DAEB09E}.Release|Any CPU.Build.0 = Release|Any CPU
	EndGlobalSection
	GlobalSection(SolutionProperties) = preSolution
		HideSolutionNode = FALSE
	EndGlobalSection
	GlobalSection(ExtensibilityGlobals) = postSolution
		SolutionGuid = {BEB97CD9-8AA7-4047-9948-A696AAD2C469}
	EndGlobalSection
EndGlobal
