
Microsoft Visual Studio Solution File, Format Version 12.00
# Visual Studio Version 17
VisualStudioVersion = 17.6.33723.286
MinimumVisualStudioVersion = 10.0.40219.1
Project("{FAE04EC0-301F-11D3-BF4B-00C04F79EFBC}") = "CONECTAR2", "CONECTAR2\CONECTAR2.csproj", "{3AFF33E3-F16F-4A99-BECB-10BBD3BD3097}"
EndProject
Global
	GlobalSection(SolutionConfigurationPlatforms) = preSolution
		Debug|Any CPU = Debug|Any CPU
		Release|Any CPU = Release|Any CPU
	EndGlobalSection
	GlobalSection(ProjectConfigurationPlatforms) = postSolution
		{3AFF33E3-F16F-4A99-BECB-10BBD3BD3097}.Debug|Any CPU.ActiveCfg = Debug|Any CPU
		{3AFF33E3-F16F-4A99-BECB-10BBD3BD3097}.Debug|Any CPU.Build.0 = Debug|Any CPU
		{3AFF33E3-F16F-4A99-BECB-10BBD3BD3097}.Release|Any CPU.ActiveCfg = Release|Any CPU
		{3AFF33E3-F16F-4A99-BECB-10BBD3BD3097}.Release|Any CPU.Build.0 = Release|Any CPU
	EndGlobalSection
	GlobalSection(SolutionProperties) = preSolution
		HideSolutionNode = FALSE
	EndGlobalSection
	GlobalSection(ExtensibilityGlobals) = postSolution
		SolutionGuid = {F9BA6B17-8257-42E1-9E5F-C1ABA1B3D062}
	EndGlobalSection
EndGlobal
