
Microsoft Visual Studio Solution File, Format Version 12.00
# Visual Studio Version 17
VisualStudioVersion = 17.6.33829.357
MinimumVisualStudioVersion = 10.0.40219.1
Project("{FAE04EC0-301F-11D3-BF4B-00C04F79EFBC}") = "ProyMVVM_2_intento", "ProyMVVM_2_intento\ProyMVVM_2_intento.csproj", "{776CA3E1-7097-42FF-A532-ECFE13769F3B}"
EndProject
Global
	GlobalSection(SolutionConfigurationPlatforms) = preSolution
		Debug|Any CPU = Debug|Any CPU
		Release|Any CPU = Release|Any CPU
	EndGlobalSection
	GlobalSection(ProjectConfigurationPlatforms) = postSolution
		{776CA3E1-7097-42FF-A532-ECFE13769F3B}.Debug|Any CPU.ActiveCfg = Debug|Any CPU
		{776CA3E1-7097-42FF-A532-ECFE13769F3B}.Debug|Any CPU.Build.0 = Debug|Any CPU
		{776CA3E1-7097-42FF-A532-ECFE13769F3B}.Release|Any CPU.ActiveCfg = Release|Any CPU
		{776CA3E1-7097-42FF-A532-ECFE13769F3B}.Release|Any CPU.Build.0 = Release|Any CPU
	EndGlobalSection
	GlobalSection(SolutionProperties) = preSolution
		HideSolutionNode = FALSE
	EndGlobalSection
	GlobalSection(ExtensibilityGlobals) = postSolution
		SolutionGuid = {AC93531F-C9BC-40D2-BF55-49A9C0C6AE5E}
	EndGlobalSection
EndGlobal
