
Microsoft Visual Studio Solution File, Format Version 12.00
# Visual Studio Version 17
VisualStudioVersion = 17.6.33723.286
MinimumVisualStudioVersion = 10.0.40219.1
Project("{FAE04EC0-301F-11D3-BF4B-00C04F79EFBC}") = "WPF-8", "WPF-8\WPF-8.csproj", "{C5E9A261-BBF6-43E9-8E71-F829E015255F}"
EndProject
Global
	GlobalSection(SolutionConfigurationPlatforms) = preSolution
		Debug|Any CPU = Debug|Any CPU
		Release|Any CPU = Release|Any CPU
	EndGlobalSection
	GlobalSection(ProjectConfigurationPlatforms) = postSolution
		{C5E9A261-BBF6-43E9-8E71-F829E015255F}.Debug|Any CPU.ActiveCfg = Debug|Any CPU
		{C5E9A261-BBF6-43E9-8E71-F829E015255F}.Debug|Any CPU.Build.0 = Debug|Any CPU
		{C5E9A261-BBF6-43E9-8E71-F829E015255F}.Release|Any CPU.ActiveCfg = Release|Any CPU
		{C5E9A261-BBF6-43E9-8E71-F829E015255F}.Release|Any CPU.Build.0 = Release|Any CPU
	EndGlobalSection
	GlobalSection(SolutionProperties) = preSolution
		HideSolutionNode = FALSE
	EndGlobalSection
	GlobalSection(ExtensibilityGlobals) = postSolution
		SolutionGuid = {58FA5B4D-E436-4E8D-9653-8F8CFB74DEA2}
	EndGlobalSection
EndGlobal
